{
  "name": "ReStore",
  "lockfileVersion": 2,
  "requires": true,
  "packages": {
    "": {
      "dependencies": {
        "@material-ui/lab": "^5.0.0-alpha.44"
      }
    },
    "node_modules/@babel/runtime": {
      "version": "7.16.3",
      "resolved": "https://registry.npmjs.org/@babel/runtime/-/runtime-7.16.3.tgz",
      "integrity": "sha512-WBwekcqacdY2e9AF/Q7WLFUWmdJGJTkbjqTjoMDgXkVZ3ZRUvOPsLb5KdwISoQVsbP+DQzVZW4Zhci0DvpbNTQ==",
      "dependencies": {
        "regenerator-runtime": "^0.13.4"
      },
      "engines": {
        "node": ">=6.9.0"
      }
    },
    "node_modules/@date-io/core": {
      "version": "2.11.0",
      "resolved": "https://registry.npmjs.org/@date-io/core/-/core-2.11.0.tgz",
      "integrity": "sha512-DvPBnNoeuLaoSJZaxgpu54qzRhRKjSYVyQjhznTFrllKuDpm0sDFjHo6lvNLCM/cfMx2gb2PM2zY2kc9C8nmuw=="
    },
    "node_modules/@date-io/date-fns": {
      "version": "2.11.0",
      "resolved": "https://registry.npmjs.org/@date-io/date-fns/-/date-fns-2.11.0.tgz",
      "integrity": "sha512-mPQ71plBeFrArvBSHtjWMHXA89IUbZ6kuo2dsjlRC/1uNOybo91spIb+wTu03NxKTl8ut07s0jJ9svF71afpRg==",
      "dependencies": {
        "@date-io/core": "^2.11.0"
      },
      "peerDependencies": {
        "date-fns": "^2.0.0"
      },
      "peerDependenciesMeta": {
        "date-fns": {
          "optional": true
        }
      }
    },
    "node_modules/@date-io/dayjs": {
      "version": "2.11.0",
      "resolved": "https://registry.npmjs.org/@date-io/dayjs/-/dayjs-2.11.0.tgz",
      "integrity": "sha512-w67vRK56NZJIKhJM/CrNbfnIcuMvR3ApfxzNZiCZ5w29sxgBDeKuX4M+P7A9r5HXOMGcsOcpgaoTDINNGkdpGQ==",
      "dependencies": {
        "@date-io/core": "^2.11.0"
      },
      "peerDependencies": {
        "dayjs": "^1.8.17"
      },
      "peerDependenciesMeta": {
        "dayjs": {
          "optional": true
        }
      }
    },
    "node_modules/@date-io/luxon": {
      "version": "2.11.1",
      "resolved": "https://registry.npmjs.org/@date-io/luxon/-/luxon-2.11.1.tgz",
      "integrity": "sha512-JUXo01kdPQxLORxqdENrgdUhooKgDUggsNRSdi2BcUhASIY2KGwwWXu8ikVHHGkw+DUF4FOEKGfkQd0RHSvX6g==",
      "dependencies": {
        "@date-io/core": "^2.11.0"
      },
      "peerDependencies": {
        "luxon": "^1.21.3 || ^2.x"
      },
      "peerDependenciesMeta": {
        "luxon": {
          "optional": true
        }
      }
    },
    "node_modules/@date-io/moment": {
      "version": "2.11.0",
      "resolved": "https://registry.npmjs.org/@date-io/moment/-/moment-2.11.0.tgz",
      "integrity": "sha512-QSL+83qezQ9Ty0dtFgAkk6eC0GMl/lgYfDajeVUDB3zVA2A038hzczRLBg29ifnBGhQMPABxuOafgWwhDjlarg==",
      "dependencies": {
        "@date-io/core": "^2.11.0"
      },
      "peerDependencies": {
        "moment": "^2.24.0"
      },
      "peerDependenciesMeta": {
        "moment": {
          "optional": true
        }
      }
    },
    "node_modules/@emotion/cache": {
      "version": "11.6.0",
      "resolved": "https://registry.npmjs.org/@emotion/cache/-/cache-11.6.0.tgz",
      "integrity": "sha512-ElbsWY1KMwEowkv42vGo0UPuLgtPYfIs9BxxVrmvsaJVvktknsHYYlx5NQ5g6zLDcOTyamlDc7FkRg2TAcQDKQ==",
      "dependencies": {
        "@emotion/memoize": "^0.7.4",
        "@emotion/sheet": "^1.1.0",
        "@emotion/utils": "^1.0.0",
        "@emotion/weak-memoize": "^0.2.5",
        "stylis": "^4.0.10"
      }
    },
    "node_modules/@emotion/is-prop-valid": {
      "version": "1.1.1",
      "resolved": "https://registry.npmjs.org/@emotion/is-prop-valid/-/is-prop-valid-1.1.1.tgz",
      "integrity": "sha512-bW1Tos67CZkOURLc0OalnfxtSXQJMrAMV0jZTVGJUPSOd4qgjF3+tTD5CwJM13PHA8cltGW1WGbbvV9NpvUZPw==",
      "dependencies": {
        "@emotion/memoize": "^0.7.4"
      }
    },
    "node_modules/@emotion/memoize": {
      "version": "0.7.5",
      "resolved": "https://registry.npmjs.org/@emotion/memoize/-/memoize-0.7.5.tgz",
      "integrity": "sha512-igX9a37DR2ZPGYtV6suZ6whr8pTFtyHL3K/oLUotxpSVO2ASaprmAe2Dkq7tBo7CRY7MMDrAa9nuQP9/YG8FxQ=="
    },
    "node_modules/@emotion/sheet": {
      "version": "1.1.0",
      "resolved": "https://registry.npmjs.org/@emotion/sheet/-/sheet-1.1.0.tgz",
      "integrity": "sha512-u0AX4aSo25sMAygCuQTzS+HsImZFuS8llY8O7b9MDRzbJM0kVJlAz6KNDqcG7pOuQZJmj/8X/rAW+66kMnMW+g=="
    },
    "node_modules/@emotion/utils": {
      "version": "1.0.0",
      "resolved": "https://registry.npmjs.org/@emotion/utils/-/utils-1.0.0.tgz",
      "integrity": "sha512-mQC2b3XLDs6QCW+pDQDiyO/EdGZYOygE8s5N5rrzjSI4M3IejPE/JPndCBwRT9z982aqQNi6beWs1UeayrQxxA=="
    },
    "node_modules/@emotion/weak-memoize": {
      "version": "0.2.5",
      "resolved": "https://registry.npmjs.org/@emotion/weak-memoize/-/weak-memoize-0.2.5.tgz",
      "integrity": "sha512-6U71C2Wp7r5XtFtQzYrW5iKFT67OixrSxjI4MptCHzdSVlgabczzqLe0ZSgnub/5Kp4hSbpDB1tMytZY9pwxxA=="
    },
    "node_modules/@material-ui/core": {
      "version": "5.0.0-beta.4",
      "resolved": "https://registry.npmjs.org/@material-ui/core/-/core-5.0.0-beta.4.tgz",
      "integrity": "sha512-9xQUtQc+EaNx7MSCWAK7tN46EMFegCHdbuXdPXOFeOf0RpNvBG3sbMgs8vTwesPUA0PfFIk3Xobr2SBImoqeSA==",
      "peer": true,
      "dependencies": {
        "@babel/runtime": "^7.14.8",
        "@material-ui/system": "5.0.0-beta.4",
        "@material-ui/types": "6.0.2",
        "@material-ui/unstyled": "5.0.0-alpha.43",
        "@material-ui/utils": "5.0.0-beta.4",
        "@popperjs/core": "^2.4.4",
        "@types/react-transition-group": "^4.2.0",
        "clsx": "^1.0.4",
        "csstype": "^3.0.2",
        "hoist-non-react-statics": "^3.3.2",
        "prop-types": "^15.7.2",
        "react-is": "^17.0.0",
        "react-transition-group": "^4.4.0"
      },
      "engines": {
        "node": ">=12.0.0"
      },
      "funding": {
        "type": "opencollective",
        "url": "https://opencollective.com/material-ui"
      },
      "peerDependencies": {
        "@emotion/react": "^11.0.0",
        "@emotion/styled": "^11.0.0",
        "@types/react": "^16.8.6 || ^17.0.0",
        "react": "^17.0.0",
        "react-dom": "^17.0.0"
      },
      "peerDependenciesMeta": {
        "@emotion/react": {
          "optional": true
        },
        "@emotion/styled": {
          "optional": true
        },
        "@types/react": {
          "optional": true
        }
      }
    },
    "node_modules/@material-ui/lab": {
      "version": "5.0.0-alpha.44",
      "resolved": "https://registry.npmjs.org/@material-ui/lab/-/lab-5.0.0-alpha.44.tgz",
      "integrity": "sha512-x5Tovc8rgxAoLZ8Hcm45tfCVlgYnUEbxIoRAQ2Bc+rEulYfdZY+xq492mt4wzwSCh8ZoTq7IwrL1sXN/SaLPdA==",
      "deprecated": "The name of the package has changed, more details in https://github.com/mui-org/material-ui/releases/tag/v5.0.0-rc.0",
      "dependencies": {
        "@babel/runtime": "^7.14.8",
        "@date-io/date-fns": "^2.10.6",
        "@date-io/dayjs": "^2.10.6",
        "@date-io/luxon": "^2.10.6",
        "@date-io/moment": "^2.10.6",
        "@material-ui/system": "5.0.0-beta.5",
        "@material-ui/unstyled": "5.0.0-alpha.44",
        "@material-ui/utils": "5.0.0-beta.5",
        "clsx": "^1.0.4",
        "prop-types": "^15.7.2",
        "react-is": "^17.0.2",
        "react-transition-group": "^4.4.1",
        "rifm": "^0.12.0"
      },
      "engines": {
        "node": ">=12.0.0"
      },
      "peerDependencies": {
        "@material-ui/core": "^5.0.0-alpha.36",
        "@types/react": "^16.8.6 || ^17.0.0",
        "date-fns": "^2.0.0",
        "dayjs": "^1.8.17",
        "luxon": "^1.28.0",
        "moment": "^2.24.0",
        "react": "^17.0.2",
        "react-dom": "^17.0.2"
      },
      "peerDependenciesMeta": {
        "@types/react": {
          "optional": true
        },
        "date-fns": {
          "optional": true
        },
        "dayjs": {
          "optional": true
        },
        "luxon": {
          "optional": true
        },
        "moment": {
          "optional": true
        }
      }
    },
    "node_modules/@material-ui/lab/node_modules/@material-ui/private-theming": {
      "version": "5.0.0-beta.5",
      "resolved": "https://registry.npmjs.org/@material-ui/private-theming/-/private-theming-5.0.0-beta.5.tgz",
      "integrity": "sha512-3J642OgHUAga6CYtzWRWG3d5FKG6NMTSxXSyk0Cc85iz/Zvl3n+x7g/MCeq8VjZULv10NzkySIXdNFQi8EKmYA==",
      "dependencies": {
        "@babel/runtime": "^7.14.8",
        "@material-ui/utils": "5.0.0-beta.5",
        "prop-types": "^15.7.2"
      },
      "engines": {
        "node": ">=12.0.0"
      },
      "funding": {
        "type": "opencollective",
        "url": "https://opencollective.com/material-ui"
      },
      "peerDependencies": {
        "@types/react": "^16.8.6 || ^17.0.0",
        "react": "^17.0.2"
      },
      "peerDependenciesMeta": {
        "@types/react": {
          "optional": true
        }
      }
    },
    "node_modules/@material-ui/lab/node_modules/@material-ui/styled-engine": {
      "version": "5.0.0-beta.5",
      "resolved": "https://registry.npmjs.org/@material-ui/styled-engine/-/styled-engine-5.0.0-beta.5.tgz",
      "integrity": "sha512-tZiHu/GQYoME9Gj7BdIL+giQRt0ptuFIrr3Tm0fIbBB2fXYKzUKiJcggG6R5tjSXX5TUsipXpOIK3h5Kh5ZYtw==",
      "dependencies": {
        "@babel/runtime": "^7.14.8",
        "@emotion/cache": "^11.4.0",
        "prop-types": "^15.7.2"
      },
      "engines": {
        "node": ">=12.0.0"
      },
      "funding": {
        "type": "opencollective",
        "url": "https://opencollective.com/material-ui"
      },
      "peerDependencies": {
        "@emotion/react": "^11.4.1",
        "@emotion/styled": "^11.3.0",
        "react": "^17.0.2"
      },
      "peerDependenciesMeta": {
        "@emotion/react": {
          "optional": true
        },
        "@emotion/styled": {
          "optional": true
        }
      }
    },
    "node_modules/@material-ui/lab/node_modules/@material-ui/system": {
      "version": "5.0.0-beta.5",
      "resolved": "https://registry.npmjs.org/@material-ui/system/-/system-5.0.0-beta.5.tgz",
      "integrity": "sha512-4l0u/66X68xeSVumk5TY3vFS/5xwEhE3z68iRVRt36KwMItlWPEZTHFq2YTJVuBbGH9eQJxOsKRWUmpfswukKQ==",
      "dependencies": {
        "@babel/runtime": "^7.14.8",
        "@material-ui/private-theming": "5.0.0-beta.5",
        "@material-ui/styled-engine": "5.0.0-beta.5",
        "@material-ui/types": "6.0.2",
        "@material-ui/utils": "5.0.0-beta.5",
        "clsx": "^1.0.4",
        "csstype": "^3.0.2",
        "prop-types": "^15.7.2"
      },
      "engines": {
        "node": ">=12.0.0"
      },
      "funding": {
        "type": "opencollective",
        "url": "https://opencollective.com/material-ui"
      },
      "peerDependencies": {
        "@emotion/react": "^11.4.1",
        "@emotion/styled": "^11.3.0",
        "@types/react": "^16.8.6 || ^17.0.0",
        "react": "^17.0.2"
      },
      "peerDependenciesMeta": {
        "@emotion/react": {
          "optional": true
        },
        "@emotion/styled": {
          "optional": true
        },
        "@types/react": {
          "optional": true
        }
      }
    },
    "node_modules/@material-ui/lab/node_modules/@material-ui/unstyled": {
      "version": "5.0.0-alpha.44",
      "resolved": "https://registry.npmjs.org/@material-ui/unstyled/-/unstyled-5.0.0-alpha.44.tgz",
      "integrity": "sha512-RNFs6CF+V/pdgxtN+hLA3/17CZ6uGEJit0qlvxb7CnSqMcN8dCen7jApnNDr3SMfZB6O0/B/sbnTQAOm1Cl3nQ==",
      "deprecated": "The name of the package has changed, more details in https://github.com/mui-org/material-ui/releases/tag/v5.0.0-rc.0",
      "dependencies": {
        "@babel/runtime": "^7.14.8",
        "@emotion/is-prop-valid": "^1.1.0",
        "@material-ui/utils": "5.0.0-beta.5",
        "clsx": "^1.0.4",
        "prop-types": "^15.7.2",
        "react-is": "^17.0.2"
      },
      "engines": {
        "node": ">=12.0.0"
      },
      "peerDependencies": {
        "@types/react": "^16.8.6 || ^17.0.0",
        "react": "^17.0.2",
        "react-dom": "^17.0.2"
      },
      "peerDependenciesMeta": {
        "@types/react": {
          "optional": true
        }
      }
    },
    "node_modules/@material-ui/lab/node_modules/@material-ui/utils": {
      "version": "5.0.0-beta.5",
      "resolved": "https://registry.npmjs.org/@material-ui/utils/-/utils-5.0.0-beta.5.tgz",
      "integrity": "sha512-wtJ3ovXWZdTAz5eLBqvMpYH/IBJb3qMQbGCyL1i00+sf7AUlAuv4QLx+QtX/siA6L7IpxUQVfqpoCpQH1eYRpQ==",
      "dependencies": {
        "@babel/runtime": "^7.14.8",
        "@types/prop-types": "^15.7.4",
        "@types/react-is": "^16.7.1 || ^17.0.0",
        "prop-types": "^15.7.2",
        "react-is": "^17.0.2"
      },
      "engines": {
        "node": ">=12.0.0"
      },
      "peerDependencies": {
        "react": "^17.0.2"
      }
    },
    "node_modules/@material-ui/private-theming": {
      "version": "5.0.0-beta.4",
      "resolved": "https://registry.npmjs.org/@material-ui/private-theming/-/private-theming-5.0.0-beta.4.tgz",
      "integrity": "sha512-wXZOuRTigjNkhHkH3r6P+n7pL2REZrZVqgDLudFDoj+uMocdr3xlqVBB2EIlLrI0j1No4w6XrCIryFMcDO1KKg==",
      "peer": true,
      "dependencies": {
        "@babel/runtime": "^7.14.8",
        "@material-ui/utils": "5.0.0-beta.4",
        "prop-types": "^15.7.2"
      },
      "engines": {
        "node": ">=12.0.0"
      },
      "funding": {
        "type": "opencollective",
        "url": "https://opencollective.com/material-ui"
      },
      "peerDependencies": {
        "@types/react": "^16.8.6 || ^17.0.0",
        "react": "^17.0.0"
      },
      "peerDependenciesMeta": {
        "@types/react": {
          "optional": true
        }
      }
    },
    "node_modules/@material-ui/styled-engine": {
      "version": "5.0.0-beta.4",
      "resolved": "https://registry.npmjs.org/@material-ui/styled-engine/-/styled-engine-5.0.0-beta.4.tgz",
      "integrity": "sha512-Cw+9aD9ZzskhOYo370kWy1JODq6BgCfw2hj/THWK0Tqo+lP2LrjeZvKzKt7AUbPQh/glAi+I/vVtlKnl+OMI1w==",
      "peer": true,
      "dependencies": {
        "@babel/runtime": "^7.14.8",
        "@emotion/cache": "^11.0.0",
        "prop-types": "^15.7.2"
      },
      "engines": {
        "node": ">=12.0.0"
      },
      "funding": {
        "type": "opencollective",
        "url": "https://opencollective.com/material-ui"
      },
      "peerDependencies": {
        "@emotion/react": "^11.0.0",
        "@emotion/styled": "^11.0.0",
        "react": "^17.0.0"
      },
      "peerDependenciesMeta": {
        "@emotion/react": {
          "optional": true
        },
        "@emotion/styled": {
          "optional": true
        }
      }
    },
    "node_modules/@material-ui/system": {
      "version": "5.0.0-beta.4",
      "resolved": "https://registry.npmjs.org/@material-ui/system/-/system-5.0.0-beta.4.tgz",
      "integrity": "sha512-jiUBCcRkDSmkhFEKWVEEvBXxjbFC/zYSRdFW78KcOV1JYbcQmlOx2YXtH9tVuVqqRKvgvSK0hVCqADAuFH5Bhg==",
      "peer": true,
      "dependencies": {
        "@babel/runtime": "^7.14.8",
        "@material-ui/private-theming": "5.0.0-beta.4",
        "@material-ui/styled-engine": "5.0.0-beta.4",
        "@material-ui/types": "6.0.2",
        "@material-ui/utils": "5.0.0-beta.4",
        "clsx": "^1.0.4",
        "csstype": "^3.0.2",
        "prop-types": "^15.7.2"
      },
      "engines": {
        "node": ">=12.0.0"
      },
      "funding": {
        "type": "opencollective",
        "url": "https://opencollective.com/material-ui"
      },
      "peerDependencies": {
        "@emotion/react": "^11.0.0",
        "@emotion/styled": "^11.0.0",
        "@types/react": "^16.8.6 || ^17.0.0",
        "react": "^17.0.0"
      },
      "peerDependenciesMeta": {
        "@emotion/react": {
          "optional": true
        },
        "@emotion/styled": {
          "optional": true
        },
        "@types/react": {
          "optional": true
        }
      }
    },
    "node_modules/@material-ui/types": {
      "version": "6.0.2",
      "resolved": "https://registry.npmjs.org/@material-ui/types/-/types-6.0.2.tgz",
      "integrity": "sha512-/XUca4wUb9pWimLLdM1PE8KS8rTbDEGohSGkGtk3WST7lm23m+8RYv9uOmrvOg/VSsl4bMiOv4t2/LCb+RLbTg==",
      "peerDependencies": {
        "@types/react": "*"
      },
      "peerDependenciesMeta": {
        "@types/react": {
          "optional": true
        }
      }
    },
    "node_modules/@material-ui/unstyled": {
      "version": "5.0.0-alpha.43",
      "resolved": "https://registry.npmjs.org/@material-ui/unstyled/-/unstyled-5.0.0-alpha.43.tgz",
      "integrity": "sha512-b4VHYF9RXclvBthwXJ31d2byrBS8mdwTE76FXkPvAkUFPgQiJ+BVM5siJcxFMoexVj1qL1XpMDGWx6kz1xLw6A==",
      "peer": true,
      "dependencies": {
        "@babel/runtime": "^7.14.8",
        "@emotion/is-prop-valid": "^1.1.0",
        "@material-ui/utils": "5.0.0-beta.4",
        "clsx": "^1.0.4",
        "prop-types": "^15.7.2",
        "react-is": "^17.0.0"
      },
      "engines": {
        "node": ">=12.0.0"
      },
      "peerDependencies": {
        "@types/react": "^16.8.6 || ^17.0.0",
        "react": "^17.0.0",
        "react-dom": "^17.0.0"
      },
      "peerDependenciesMeta": {
        "@types/react": {
          "optional": true
        }
      }
    },
    "node_modules/@material-ui/utils": {
      "version": "5.0.0-beta.4",
      "resolved": "https://registry.npmjs.org/@material-ui/utils/-/utils-5.0.0-beta.4.tgz",
      "integrity": "sha512-j6JA5WhENvpOFITZREOQwSizRl9ujjs2sJ/Ewl3MHf/LXzO1xBnZW0JTWLgflOva63MWxPJjS5JNQrR5PoG3gA==",
      "peer": true,
      "dependencies": {
        "@babel/runtime": "^7.14.8",
        "@types/prop-types": "^15.7.3",
        "@types/react-is": "^16.7.1 || ^17.0.0",
        "prop-types": "^15.7.2",
        "react-is": "^17.0.0"
      },
      "engines": {
        "node": ">=12.0.0"
      },
      "peerDependencies": {
        "react": "^17.0.0"
      }
    },
    "node_modules/@popperjs/core": {
      "version": "2.11.0",
      "resolved": "https://registry.npmjs.org/@popperjs/core/-/core-2.11.0.tgz",
      "integrity": "sha512-zrsUxjLOKAzdewIDRWy9nsV1GQsKBCWaGwsZQlCgr6/q+vjyZhFgqedLfFBuI9anTPEUT4APq9Mu0SZBTzIcGQ==",
      "peer": true,
      "funding": {
        "type": "opencollective",
        "url": "https://opencollective.com/popperjs"
      }
    },
    "node_modules/@types/prop-types": {
      "version": "15.7.4",
      "resolved": "https://registry.npmjs.org/@types/prop-types/-/prop-types-15.7.4.tgz",
      "integrity": "sha512-rZ5drC/jWjrArrS8BR6SIr4cWpW09RNTYt9AMZo3Jwwif+iacXAqgVjm0B0Bv/S1jhDXKHqRVNCbACkJ89RAnQ=="
    },
    "node_modules/@types/react": {
      "version": "17.0.37",
      "resolved": "https://registry.npmjs.org/@types/react/-/react-17.0.37.tgz",
      "integrity": "sha512-2FS1oTqBGcH/s0E+CjrCCR9+JMpsu9b69RTFO+40ua43ZqP5MmQ4iUde/dMjWR909KxZwmOQIFq6AV6NjEG5xg==",
      "dependencies": {
        "@types/prop-types": "*",
        "@types/scheduler": "*",
        "csstype": "^3.0.2"
      }
    },
    "node_modules/@types/react-is": {
      "version": "17.0.3",
      "resolved": "https://registry.npmjs.org/@types/react-is/-/react-is-17.0.3.tgz",
      "integrity": "sha512-aBTIWg1emtu95bLTLx0cpkxwGW3ueZv71nE2YFBpL8k/z5czEW8yYpOo8Dp+UUAFAtKwNaOsh/ioSeQnWlZcfw==",
      "dependencies": {
        "@types/react": "*"
      }
    },
    "node_modules/@types/react-transition-group": {
      "version": "4.4.4",
      "resolved": "https://registry.npmjs.org/@types/react-transition-group/-/react-transition-group-4.4.4.tgz",
      "integrity": "sha512-7gAPz7anVK5xzbeQW9wFBDg7G++aPLAFY0QaSMOou9rJZpbuI58WAuJrgu+qR92l61grlnCUe7AFX8KGahAgug==",
      "peer": true,
      "dependencies": {
        "@types/react": "*"
      }
    },
    "node_modules/@types/scheduler": {
      "version": "0.16.2",
      "resolved": "https://registry.npmjs.org/@types/scheduler/-/scheduler-0.16.2.tgz",
      "integrity": "sha512-hppQEBDmlwhFAXKJX2KnWLYu5yMfi91yazPb2l+lbJiwW+wdo1gNeRA+3RgNSO39WYX2euey41KEwnqesU2Jew=="
    },
    "node_modules/clsx": {
      "version": "1.1.1",
      "resolved": "https://registry.npmjs.org/clsx/-/clsx-1.1.1.tgz",
      "integrity": "sha512-6/bPho624p3S2pMyvP5kKBPXnI3ufHLObBFCfgx+LkeR5lg2XYy2hqZqUf45ypD8COn2bhgGJSUE+l5dhNBieA==",
      "engines": {
        "node": ">=6"
      }
    },
    "node_modules/csstype": {
      "version": "3.0.10",
      "resolved": "https://registry.npmjs.org/csstype/-/csstype-3.0.10.tgz",
      "integrity": "sha512-2u44ZG2OcNUO9HDp/Jl8C07x6pU/eTR3ncV91SiK3dhG9TWvRVsCoJw14Ckx5DgWkzGA3waZWO3d7pgqpUI/XA=="
    },
    "node_modules/dom-helpers": {
      "version": "5.2.1",
      "resolved": "https://registry.npmjs.org/dom-helpers/-/dom-helpers-5.2.1.tgz",
      "integrity": "sha512-nRCa7CK3VTrM2NmGkIy4cbK7IZlgBE/PYMn55rrXefr5xXDP0LdtfPnblFDoVdcAfslJ7or6iqAUnx0CCGIWQA==",
      "dependencies": {
        "@babel/runtime": "^7.8.7",
        "csstype": "^3.0.2"
      }
    },
    "node_modules/hoist-non-react-statics": {
      "version": "3.3.2",
      "resolved": "https://registry.npmjs.org/hoist-non-react-statics/-/hoist-non-react-statics-3.3.2.tgz",
      "integrity": "sha512-/gGivxi8JPKWNm/W0jSmzcMPpfpPLc3dY/6GxhX2hQ9iGj3aDfklV4ET7NjKpSinLpJ5vafa9iiGIEZg10SfBw==",
      "peer": true,
      "dependencies": {
        "react-is": "^16.7.0"
      }
    },
    "node_modules/hoist-non-react-statics/node_modules/react-is": {
      "version": "16.13.1",
      "resolved": "https://registry.npmjs.org/react-is/-/react-is-16.13.1.tgz",
      "integrity": "sha512-24e6ynE2H+OKt4kqsOvNd8kBpV65zoxbA4BVsEOB3ARVWQki/DHzaUoC5KuON/BiccDaCCTZBuOcfZs70kR8bQ==",
      "peer": true
    },
    "node_modules/js-tokens": {
      "version": "4.0.0",
      "resolved": "https://registry.npmjs.org/js-tokens/-/js-tokens-4.0.0.tgz",
      "integrity": "sha512-RdJUflcE3cUzKiMqQgsCu06FPu9UdIJO0beYbPhHN4k6apgJtifcoCtT9bcxOpYBtpD2kCM6Sbzg4CausW/PKQ=="
    },
    "node_modules/loose-envify": {
      "version": "1.4.0",
      "resolved": "https://registry.npmjs.org/loose-envify/-/loose-envify-1.4.0.tgz",
      "integrity": "sha512-lyuxPGr/Wfhrlem2CL/UcnUc1zcqKAImBDzukY7Y5F/yQiNdko6+fRLevlw1HgMySw7f611UIY408EtxRSoK3Q==",
      "dependencies": {
        "js-tokens": "^3.0.0 || ^4.0.0"
      },
      "bin": {
        "loose-envify": "cli.js"
      }
    },
    "node_modules/object-assign": {
      "version": "4.1.1",
      "resolved": "https://registry.npmjs.org/object-assign/-/object-assign-4.1.1.tgz",
      "integrity": "sha1-IQmtx5ZYh8/AXLvUQsrIv7s2CGM=",
      "engines": {
        "node": ">=0.10.0"
      }
    },
    "node_modules/prop-types": {
      "version": "15.7.2",
      "resolved": "https://registry.npmjs.org/prop-types/-/prop-types-15.7.2.tgz",
      "integrity": "sha512-8QQikdH7//R2vurIJSutZ1smHYTcLpRWEOlHnzcWHmBYrOGUysKwSsrC89BCiFj3CbrfJ/nXFdJepOVrY1GCHQ==",
      "dependencies": {
        "loose-envify": "^1.4.0",
        "object-assign": "^4.1.1",
        "react-is": "^16.8.1"
      }
    },
    "node_modules/prop-types/node_modules/react-is": {
      "version": "16.13.1",
      "resolved": "https://registry.npmjs.org/react-is/-/react-is-16.13.1.tgz",
      "integrity": "sha512-24e6ynE2H+OKt4kqsOvNd8kBpV65zoxbA4BVsEOB3ARVWQki/DHzaUoC5KuON/BiccDaCCTZBuOcfZs70kR8bQ=="
    },
    "node_modules/react": {
      "version": "17.0.2",
      "resolved": "https://registry.npmjs.org/react/-/react-17.0.2.tgz",
      "integrity": "sha512-gnhPt75i/dq/z3/6q/0asP78D0u592D5L1pd7M8P+dck6Fu/jJeL6iVVK23fptSUZj8Vjf++7wXA8UNclGQcbA==",
      "peer": true,
      "dependencies": {
        "loose-envify": "^1.1.0",
        "object-assign": "^4.1.1"
      },
      "engines": {
        "node": ">=0.10.0"
      }
    },
    "node_modules/react-dom": {
      "version": "17.0.2",
      "resolved": "https://registry.npmjs.org/react-dom/-/react-dom-17.0.2.tgz",
      "integrity": "sha512-s4h96KtLDUQlsENhMn1ar8t2bEa+q/YAtj8pPPdIjPDGBDIVNsrD9aXNWqspUe6AzKCIG0C1HZZLqLV7qpOBGA==",
      "peer": true,
      "dependencies": {
        "loose-envify": "^1.1.0",
        "object-assign": "^4.1.1",
        "scheduler": "^0.20.2"
      },
      "peerDependencies": {
        "react": "17.0.2"
      }
    },
    "node_modules/react-is": {
      "version": "17.0.2",
      "resolved": "https://registry.npmjs.org/react-is/-/react-is-17.0.2.tgz",
      "integrity": "sha512-w2GsyukL62IJnlaff/nRegPQR94C/XXamvMWmSHRJ4y7Ts/4ocGRmTHvOs8PSE6pB3dWOrD/nueuU5sduBsQ4w=="
    },
    "node_modules/react-transition-group": {
      "version": "4.4.2",
      "resolved": "https://registry.npmjs.org/react-transition-group/-/react-transition-group-4.4.2.tgz",
      "integrity": "sha512-/RNYfRAMlZwDSr6z4zNKV6xu53/e2BuaBbGhbyYIXTrmgu/bGHzmqOs7mJSJBHy9Ud+ApHx3QjrkKSp1pxvlFg==",
      "dependencies": {
        "@babel/runtime": "^7.5.5",
        "dom-helpers": "^5.0.1",
        "loose-envify": "^1.4.0",
        "prop-types": "^15.6.2"
      },
      "peerDependencies": {
        "react": ">=16.6.0",
        "react-dom": ">=16.6.0"
      }
    },
    "node_modules/regenerator-runtime": {
      "version": "0.13.9",
      "resolved": "https://registry.npmjs.org/regenerator-runtime/-/regenerator-runtime-0.13.9.tgz",
      "integrity": "sha512-p3VT+cOEgxFsRRA9X4lkI1E+k2/CtnKtU4gcxyaCUreilL/vqI6CdZ3wxVUx3UOUg+gnUOQQcRI7BmSI656MYA=="
    },
    "node_modules/rifm": {
      "version": "0.12.1",
      "resolved": "https://registry.npmjs.org/rifm/-/rifm-0.12.1.tgz",
      "integrity": "sha512-OGA1Bitg/dSJtI/c4dh90svzaUPt228kzFsUkJbtA2c964IqEAwWXeL9ZJi86xWv3j5SMqRvGULl7bA6cK0Bvg==",
      "peerDependencies": {
        "react": ">=16.8"
      }
    },
    "node_modules/scheduler": {
      "version": "0.20.2",
      "resolved": "https://registry.npmjs.org/scheduler/-/scheduler-0.20.2.tgz",
      "integrity": "sha512-2eWfGgAqqWFGqtdMmcL5zCMK1U8KlXv8SQFGglL3CEtd0aDVDWgeF/YoCmvln55m5zSk3J/20hTaSBeSObsQDQ==",
      "peer": true,
      "dependencies": {
        "loose-envify": "^1.1.0",
        "object-assign": "^4.1.1"
      }
    },
    "node_modules/stylis": {
      "version": "4.0.10",
      "resolved": "https://registry.npmjs.org/stylis/-/stylis-4.0.10.tgz",
      "integrity": "sha512-m3k+dk7QeJw660eIKRRn3xPF6uuvHs/FFzjX3HQ5ove0qYsiygoAhwn5a3IYKaZPo5LrYD0rfVmtv1gNY1uYwg=="
    }
  },
  "dependencies": {
    "@babel/runtime": {
      "version": "7.16.3",
      "resolved": "https://registry.npmjs.org/@babel/runtime/-/runtime-7.16.3.tgz",
      "integrity": "sha512-WBwekcqacdY2e9AF/Q7WLFUWmdJGJTkbjqTjoMDgXkVZ3ZRUvOPsLb5KdwISoQVsbP+DQzVZW4Zhci0DvpbNTQ==",
      "requires": {
        "regenerator-runtime": "^0.13.4"
      }
    },
    "@date-io/core": {
      "version": "2.11.0",
      "resolved": "https://registry.npmjs.org/@date-io/core/-/core-2.11.0.tgz",
      "integrity": "sha512-DvPBnNoeuLaoSJZaxgpu54qzRhRKjSYVyQjhznTFrllKuDpm0sDFjHo6lvNLCM/cfMx2gb2PM2zY2kc9C8nmuw=="
    },
    "@date-io/date-fns": {
      "version": "2.11.0",
      "resolved": "https://registry.npmjs.org/@date-io/date-fns/-/date-fns-2.11.0.tgz",
      "integrity": "sha512-mPQ71plBeFrArvBSHtjWMHXA89IUbZ6kuo2dsjlRC/1uNOybo91spIb+wTu03NxKTl8ut07s0jJ9svF71afpRg==",
      "requires": {
        "@date-io/core": "^2.11.0"
      }
    },
    "@date-io/dayjs": {
      "version": "2.11.0",
      "resolved": "https://registry.npmjs.org/@date-io/dayjs/-/dayjs-2.11.0.tgz",
      "integrity": "sha512-w67vRK56NZJIKhJM/CrNbfnIcuMvR3ApfxzNZiCZ5w29sxgBDeKuX4M+P7A9r5HXOMGcsOcpgaoTDINNGkdpGQ==",
      "requires": {
        "@date-io/core": "^2.11.0"
      }
    },
    "@date-io/luxon": {
      "version": "2.11.1",
      "resolved": "https://registry.npmjs.org/@date-io/luxon/-/luxon-2.11.1.tgz",
      "integrity": "sha512-JUXo01kdPQxLORxqdENrgdUhooKgDUggsNRSdi2BcUhASIY2KGwwWXu8ikVHHGkw+DUF4FOEKGfkQd0RHSvX6g==",
      "requires": {
        "@date-io/core": "^2.11.0"
      }
    },
    "@date-io/moment": {
      "version": "2.11.0",
      "resolved": "https://registry.npmjs.org/@date-io/moment/-/moment-2.11.0.tgz",
      "integrity": "sha512-QSL+83qezQ9Ty0dtFgAkk6eC0GMl/lgYfDajeVUDB3zVA2A038hzczRLBg29ifnBGhQMPABxuOafgWwhDjlarg==",
      "requires": {
        "@date-io/core": "^2.11.0"
      }
    },
    "@emotion/cache": {
      "version": "11.6.0",
      "resolved": "https://registry.npmjs.org/@emotion/cache/-/cache-11.6.0.tgz",
      "integrity": "sha512-ElbsWY1KMwEowkv42vGo0UPuLgtPYfIs9BxxVrmvsaJVvktknsHYYlx5NQ5g6zLDcOTyamlDc7FkRg2TAcQDKQ==",
      "requires": {
        "@emotion/memoize": "^0.7.4",
        "@emotion/sheet": "^1.1.0",
        "@emotion/utils": "^1.0.0",
        "@emotion/weak-memoize": "^0.2.5",
        "stylis": "^4.0.10"
      }
    },
    "@emotion/is-prop-valid": {
      "version": "1.1.1",
      "resolved": "https://registry.npmjs.org/@emotion/is-prop-valid/-/is-prop-valid-1.1.1.tgz",
      "integrity": "sha512-bW1Tos67CZkOURLc0OalnfxtSXQJMrAMV0jZTVGJUPSOd4qgjF3+tTD5CwJM13PHA8cltGW1WGbbvV9NpvUZPw==",
      "requires": {
        "@emotion/memoize": "^0.7.4"
      }
    },
    "@emotion/memoize": {
      "version": "0.7.5",
      "resolved": "https://registry.npmjs.org/@emotion/memoize/-/memoize-0.7.5.tgz",
      "integrity": "sha512-igX9a37DR2ZPGYtV6suZ6whr8pTFtyHL3K/oLUotxpSVO2ASaprmAe2Dkq7tBo7CRY7MMDrAa9nuQP9/YG8FxQ=="
    },
    "@emotion/sheet": {
      "version": "1.1.0",
      "resolved": "https://registry.npmjs.org/@emotion/sheet/-/sheet-1.1.0.tgz",
      "integrity": "sha512-u0AX4aSo25sMAygCuQTzS+HsImZFuS8llY8O7b9MDRzbJM0kVJlAz6KNDqcG7pOuQZJmj/8X/rAW+66kMnMW+g=="
    },
    "@emotion/utils": {
      "version": "1.0.0",
      "resolved": "https://registry.npmjs.org/@emotion/utils/-/utils-1.0.0.tgz",
      "integrity": "sha512-mQC2b3XLDs6QCW+pDQDiyO/EdGZYOygE8s5N5rrzjSI4M3IejPE/JPndCBwRT9z982aqQNi6beWs1UeayrQxxA=="
    },
    "@emotion/weak-memoize": {
      "version": "0.2.5",
      "resolved": "https://registry.npmjs.org/@emotion/weak-memoize/-/weak-memoize-0.2.5.tgz",
      "integrity": "sha512-6U71C2Wp7r5XtFtQzYrW5iKFT67OixrSxjI4MptCHzdSVlgabczzqLe0ZSgnub/5Kp4hSbpDB1tMytZY9pwxxA=="
    },
    "@material-ui/core": {
      "version": "5.0.0-beta.4",
      "resolved": "https://registry.npmjs.org/@material-ui/core/-/core-5.0.0-beta.4.tgz",
      "integrity": "sha512-9xQUtQc+EaNx7MSCWAK7tN46EMFegCHdbuXdPXOFeOf0RpNvBG3sbMgs8vTwesPUA0PfFIk3Xobr2SBImoqeSA==",
      "peer": true,
      "requires": {
        "@babel/runtime": "^7.14.8",
        "@material-ui/system": "5.0.0-beta.4",
        "@material-ui/types": "6.0.2",
        "@material-ui/unstyled": "5.0.0-alpha.43",
        "@material-ui/utils": "5.0.0-beta.4",
        "@popperjs/core": "^2.4.4",
        "@types/react-transition-group": "^4.2.0",
        "clsx": "^1.0.4",
        "csstype": "^3.0.2",
        "hoist-non-react-statics": "^3.3.2",
        "prop-types": "^15.7.2",
        "react-is": "^17.0.0",
        "react-transition-group": "^4.4.0"
      }
    },
    "@material-ui/lab": {
      "version": "5.0.0-alpha.44",
      "resolved": "https://registry.npmjs.org/@material-ui/lab/-/lab-5.0.0-alpha.44.tgz",
      "integrity": "sha512-x5Tovc8rgxAoLZ8Hcm45tfCVlgYnUEbxIoRAQ2Bc+rEulYfdZY+xq492mt4wzwSCh8ZoTq7IwrL1sXN/SaLPdA==",
      "requires": {
        "@babel/runtime": "^7.14.8",
        "@date-io/date-fns": "^2.10.6",
        "@date-io/dayjs": "^2.10.6",
        "@date-io/luxon": "^2.10.6",
        "@date-io/moment": "^2.10.6",
        "@material-ui/system": "5.0.0-beta.5",
        "@material-ui/unstyled": "5.0.0-alpha.44",
        "@material-ui/utils": "5.0.0-beta.5",
        "clsx": "^1.0.4",
        "prop-types": "^15.7.2",
        "react-is": "^17.0.2",
        "react-transition-group": "^4.4.1",
        "rifm": "^0.12.0"
      },
      "dependencies": {
        "@material-ui/private-theming": {
          "version": "5.0.0-beta.5",
          "resolved": "https://registry.npmjs.org/@material-ui/private-theming/-/private-theming-5.0.0-beta.5.tgz",
          "integrity": "sha512-3J642OgHUAga6CYtzWRWG3d5FKG6NMTSxXSyk0Cc85iz/Zvl3n+x7g/MCeq8VjZULv10NzkySIXdNFQi8EKmYA==",
          "requires": {
            "@babel/runtime": "^7.14.8",
            "@material-ui/utils": "5.0.0-beta.5",
            "prop-types": "^15.7.2"
          }
        },
        "@material-ui/styled-engine": {
          "version": "5.0.0-beta.5",
          "resolved": "https://registry.npmjs.org/@material-ui/styled-engine/-/styled-engine-5.0.0-beta.5.tgz",
          "integrity": "sha512-tZiHu/GQYoME9Gj7BdIL+giQRt0ptuFIrr3Tm0fIbBB2fXYKzUKiJcggG6R5tjSXX5TUsipXpOIK3h5Kh5ZYtw==",
          "requires": {
            "@babel/runtime": "^7.14.8",
            "@emotion/cache": "^11.4.0",
            "prop-types": "^15.7.2"
          }
        },
        "@material-ui/system": {
          "version": "5.0.0-beta.5",
          "resolved": "https://registry.npmjs.org/@material-ui/system/-/system-5.0.0-beta.5.tgz",
          "integrity": "sha512-4l0u/66X68xeSVumk5TY3vFS/5xwEhE3z68iRVRt36KwMItlWPEZTHFq2YTJVuBbGH9eQJxOsKRWUmpfswukKQ==",
          "requires": {
            "@babel/runtime": "^7.14.8",
            "@material-ui/private-theming": "5.0.0-beta.5",
            "@material-ui/styled-engine": "5.0.0-beta.5",
            "@material-ui/types": "6.0.2",
            "@material-ui/utils": "5.0.0-beta.5",
            "clsx": "^1.0.4",
            "csstype": "^3.0.2",
            "prop-types": "^15.7.2"
          }
        },
        "@material-ui/unstyled": {
          "version": "5.0.0-alpha.44",
          "resolved": "https://registry.npmjs.org/@material-ui/unstyled/-/unstyled-5.0.0-alpha.44.tgz",
          "integrity": "sha512-RNFs6CF+V/pdgxtN+hLA3/17CZ6uGEJit0qlvxb7CnSqMcN8dCen7jApnNDr3SMfZB6O0/B/sbnTQAOm1Cl3nQ==",
          "requires": {
            "@babel/runtime": "^7.14.8",
            "@emotion/is-prop-valid": "^1.1.0",
            "@material-ui/utils": "5.0.0-beta.5",
            "clsx": "^1.0.4",
            "prop-types": "^15.7.2",
            "react-is": "^17.0.2"
          }
        },
        "@material-ui/utils": {
          "version": "5.0.0-beta.5",
          "resolved": "https://registry.npmjs.org/@material-ui/utils/-/utils-5.0.0-beta.5.tgz",
          "integrity": "sha512-wtJ3ovXWZdTAz5eLBqvMpYH/IBJb3qMQbGCyL1i00+sf7AUlAuv4QLx+QtX/siA6L7IpxUQVfqpoCpQH1eYRpQ==",
          "requires": {
            "@babel/runtime": "^7.14.8",
            "@types/prop-types": "^15.7.4",
            "@types/react-is": "^16.7.1 || ^17.0.0",
            "prop-types": "^15.7.2",
            "react-is": "^17.0.2"
          }
        }
      }
    },
    "@material-ui/private-theming": {
      "version": "5.0.0-beta.4",
      "resolved": "https://registry.npmjs.org/@material-ui/private-theming/-/private-theming-5.0.0-beta.4.tgz",
      "integrity": "sha512-wXZOuRTigjNkhHkH3r6P+n7pL2REZrZVqgDLudFDoj+uMocdr3xlqVBB2EIlLrI0j1No4w6XrCIryFMcDO1KKg==",
      "peer": true,
      "requires": {
        "@babel/runtime": "^7.14.8",
        "@material-ui/utils": "5.0.0-beta.4",
        "prop-types": "^15.7.2"
      }
    },
    "@material-ui/styled-engine": {
      "version": "5.0.0-beta.4",
      "resolved": "https://registry.npmjs.org/@material-ui/styled-engine/-/styled-engine-5.0.0-beta.4.tgz",
      "integrity": "sha512-Cw+9aD9ZzskhOYo370kWy1JODq6BgCfw2hj/THWK0Tqo+lP2LrjeZvKzKt7AUbPQh/glAi+I/vVtlKnl+OMI1w==",
      "peer": true,
      "requires": {
        "@babel/runtime": "^7.14.8",
        "@emotion/cache": "^11.0.0",
        "prop-types": "^15.7.2"
      }
    },
    "@material-ui/system": {
      "version": "5.0.0-beta.4",
      "resolved": "https://registry.npmjs.org/@material-ui/system/-/system-5.0.0-beta.4.tgz",
      "integrity": "sha512-jiUBCcRkDSmkhFEKWVEEvBXxjbFC/zYSRdFW78KcOV1JYbcQmlOx2YXtH9tVuVqqRKvgvSK0hVCqADAuFH5Bhg==",
      "peer": true,
      "requires": {
        "@babel/runtime": "^7.14.8",
        "@material-ui/private-theming": "5.0.0-beta.4",
        "@material-ui/styled-engine": "5.0.0-beta.4",
        "@material-ui/types": "6.0.2",
        "@material-ui/utils": "5.0.0-beta.4",
        "clsx": "^1.0.4",
        "csstype": "^3.0.2",
        "prop-types": "^15.7.2"
      }
    },
    "@material-ui/types": {
      "version": "6.0.2",
      "resolved": "https://registry.npmjs.org/@material-ui/types/-/types-6.0.2.tgz",
      "integrity": "sha512-/XUca4wUb9pWimLLdM1PE8KS8rTbDEGohSGkGtk3WST7lm23m+8RYv9uOmrvOg/VSsl4bMiOv4t2/LCb+RLbTg==",
      "requires": {}
    },
    "@material-ui/unstyled": {
      "version": "5.0.0-alpha.43",
      "resolved": "https://registry.npmjs.org/@material-ui/unstyled/-/unstyled-5.0.0-alpha.43.tgz",
      "integrity": "sha512-b4VHYF9RXclvBthwXJ31d2byrBS8mdwTE76FXkPvAkUFPgQiJ+BVM5siJcxFMoexVj1qL1XpMDGWx6kz1xLw6A==",
      "peer": true,
      "requires": {
        "@babel/runtime": "^7.14.8",
        "@emotion/is-prop-valid": "^1.1.0",
        "@material-ui/utils": "5.0.0-beta.4",
        "clsx": "^1.0.4",
        "prop-types": "^15.7.2",
        "react-is": "^17.0.0"
      }
    },
    "@material-ui/utils": {
      "version": "5.0.0-beta.4",
      "resolved": "https://registry.npmjs.org/@material-ui/utils/-/utils-5.0.0-beta.4.tgz",
      "integrity": "sha512-j6JA5WhENvpOFITZREOQwSizRl9ujjs2sJ/Ewl3MHf/LXzO1xBnZW0JTWLgflOva63MWxPJjS5JNQrR5PoG3gA==",
      "peer": true,
      "requires": {
        "@babel/runtime": "^7.14.8",
        "@types/prop-types": "^15.7.3",
        "@types/react-is": "^16.7.1 || ^17.0.0",
        "prop-types": "^15.7.2",
        "react-is": "^17.0.0"
      }
    },
    "@popperjs/core": {
      "version": "2.11.0",
      "resolved": "https://registry.npmjs.org/@popperjs/core/-/core-2.11.0.tgz",
      "integrity": "sha512-zrsUxjLOKAzdewIDRWy9nsV1GQsKBCWaGwsZQlCgr6/q+vjyZhFgqedLfFBuI9anTPEUT4APq9Mu0SZBTzIcGQ==",
      "peer": true
    },
    "@types/prop-types": {
      "version": "15.7.4",
      "resolved": "https://registry.npmjs.org/@types/prop-types/-/prop-types-15.7.4.tgz",
      "integrity": "sha512-rZ5drC/jWjrArrS8BR6SIr4cWpW09RNTYt9AMZo3Jwwif+iacXAqgVjm0B0Bv/S1jhDXKHqRVNCbACkJ89RAnQ=="
    },
    "@types/react": {
      "version": "17.0.37",
      "resolved": "https://registry.npmjs.org/@types/react/-/react-17.0.37.tgz",
      "integrity": "sha512-2FS1oTqBGcH/s0E+CjrCCR9+JMpsu9b69RTFO+40ua43ZqP5MmQ4iUde/dMjWR909KxZwmOQIFq6AV6NjEG5xg==",
      "requires": {
        "@types/prop-types": "*",
        "@types/scheduler": "*",
        "csstype": "^3.0.2"
      }
    },
    "@types/react-is": {
      "version": "17.0.3",
      "resolved": "https://registry.npmjs.org/@types/react-is/-/react-is-17.0.3.tgz",
      "integrity": "sha512-aBTIWg1emtu95bLTLx0cpkxwGW3ueZv71nE2YFBpL8k/z5czEW8yYpOo8Dp+UUAFAtKwNaOsh/ioSeQnWlZcfw==",
      "requires": {
        "@types/react": "*"
      }
    },
    "@types/react-transition-group": {
      "version": "4.4.4",
      "resolved": "https://registry.npmjs.org/@types/react-transition-group/-/react-transition-group-4.4.4.tgz",
      "integrity": "sha512-7gAPz7anVK5xzbeQW9wFBDg7G++aPLAFY0QaSMOou9rJZpbuI58WAuJrgu+qR92l61grlnCUe7AFX8KGahAgug==",
      "peer": true,
      "requires": {
        "@types/react": "*"
      }
    },
    "@types/scheduler": {
      "version": "0.16.2",
      "resolved": "https://registry.npmjs.org/@types/scheduler/-/scheduler-0.16.2.tgz",
      "integrity": "sha512-hppQEBDmlwhFAXKJX2KnWLYu5yMfi91yazPb2l+lbJiwW+wdo1gNeRA+3RgNSO39WYX2euey41KEwnqesU2Jew=="
    },
    "clsx": {
      "version": "1.1.1",
      "resolved": "https://registry.npmjs.org/clsx/-/clsx-1.1.1.tgz",
      "integrity": "sha512-6/bPho624p3S2pMyvP5kKBPXnI3ufHLObBFCfgx+LkeR5lg2XYy2hqZqUf45ypD8COn2bhgGJSUE+l5dhNBieA=="
    },
    "csstype": {
      "version": "3.0.10",
      "resolved": "https://registry.npmjs.org/csstype/-/csstype-3.0.10.tgz",
      "integrity": "sha512-2u44ZG2OcNUO9HDp/Jl8C07x6pU/eTR3ncV91SiK3dhG9TWvRVsCoJw14Ckx5DgWkzGA3waZWO3d7pgqpUI/XA=="
    },
    "dom-helpers": {
      "version": "5.2.1",
      "resolved": "https://registry.npmjs.org/dom-helpers/-/dom-helpers-5.2.1.tgz",
      "integrity": "sha512-nRCa7CK3VTrM2NmGkIy4cbK7IZlgBE/PYMn55rrXefr5xXDP0LdtfPnblFDoVdcAfslJ7or6iqAUnx0CCGIWQA==",
      "requires": {
        "@babel/runtime": "^7.8.7",
        "csstype": "^3.0.2"
      }
    },
    "hoist-non-react-statics": {
      "version": "3.3.2",
      "resolved": "https://registry.npmjs.org/hoist-non-react-statics/-/hoist-non-react-statics-3.3.2.tgz",
      "integrity": "sha512-/gGivxi8JPKWNm/W0jSmzcMPpfpPLc3dY/6GxhX2hQ9iGj3aDfklV4ET7NjKpSinLpJ5vafa9iiGIEZg10SfBw==",
      "peer": true,
      "requires": {
        "react-is": "^16.7.0"
      },
      "dependencies": {
        "react-is": {
          "version": "16.13.1",
          "resolved": "https://registry.npmjs.org/react-is/-/react-is-16.13.1.tgz",
          "integrity": "sha512-24e6ynE2H+OKt4kqsOvNd8kBpV65zoxbA4BVsEOB3ARVWQki/DHzaUoC5KuON/BiccDaCCTZBuOcfZs70kR8bQ==",
          "peer": true
        }
      }
    },
    "js-tokens": {
      "version": "4.0.0",
      "resolved": "https://registry.npmjs.org/js-tokens/-/js-tokens-4.0.0.tgz",
      "integrity": "sha512-RdJUflcE3cUzKiMqQgsCu06FPu9UdIJO0beYbPhHN4k6apgJtifcoCtT9bcxOpYBtpD2kCM6Sbzg4CausW/PKQ=="
    },
    "loose-envify": {
      "version": "1.4.0",
      "resolved": "https://registry.npmjs.org/loose-envify/-/loose-envify-1.4.0.tgz",
      "integrity": "sha512-lyuxPGr/Wfhrlem2CL/UcnUc1zcqKAImBDzukY7Y5F/yQiNdko6+fRLevlw1HgMySw7f611UIY408EtxRSoK3Q==",
      "requires": {
        "js-tokens": "^3.0.0 || ^4.0.0"
      }
    },
    "object-assign": {
      "version": "4.1.1",
      "resolved": "https://registry.npmjs.org/object-assign/-/object-assign-4.1.1.tgz",
      "integrity": "sha1-IQmtx5ZYh8/AXLvUQsrIv7s2CGM="
    },
    "prop-types": {
      "version": "15.7.2",
      "resolved": "https://registry.npmjs.org/prop-types/-/prop-types-15.7.2.tgz",
      "integrity": "sha512-8QQikdH7//R2vurIJSutZ1smHYTcLpRWEOlHnzcWHmBYrOGUysKwSsrC89BCiFj3CbrfJ/nXFdJepOVrY1GCHQ==",
      "requires": {
        "loose-envify": "^1.4.0",
        "object-assign": "^4.1.1",
        "react-is": "^16.8.1"
      },
      "dependencies": {
        "react-is": {
          "version": "16.13.1",
          "resolved": "https://registry.npmjs.org/react-is/-/react-is-16.13.1.tgz",
          "integrity": "sha512-24e6ynE2H+OKt4kqsOvNd8kBpV65zoxbA4BVsEOB3ARVWQki/DHzaUoC5KuON/BiccDaCCTZBuOcfZs70kR8bQ=="
        }
      }
    },
    "react": {
      "version": "17.0.2",
      "resolved": "https://registry.npmjs.org/react/-/react-17.0.2.tgz",
      "integrity": "sha512-gnhPt75i/dq/z3/6q/0asP78D0u592D5L1pd7M8P+dck6Fu/jJeL6iVVK23fptSUZj8Vjf++7wXA8UNclGQcbA==",
      "peer": true,
      "requires": {
        "loose-envify": "^1.1.0",
        "object-assign": "^4.1.1"
      }
    },
    "react-dom": {
      "version": "17.0.2",
      "resolved": "https://registry.npmjs.org/react-dom/-/react-dom-17.0.2.tgz",
      "integrity": "sha512-s4h96KtLDUQlsENhMn1ar8t2bEa+q/YAtj8pPPdIjPDGBDIVNsrD9aXNWqspUe6AzKCIG0C1HZZLqLV7qpOBGA==",
      "peer": true,
      "requires": {
        "loose-envify": "^1.1.0",
        "object-assign": "^4.1.1",
        "scheduler": "^0.20.2"
      }
    },
    "react-is": {
      "version": "17.0.2",
      "resolved": "https://registry.npmjs.org/react-is/-/react-is-17.0.2.tgz",
      "integrity": "sha512-w2GsyukL62IJnlaff/nRegPQR94C/XXamvMWmSHRJ4y7Ts/4ocGRmTHvOs8PSE6pB3dWOrD/nueuU5sduBsQ4w=="
    },
    "react-transition-group": {
      "version": "4.4.2",
      "resolved": "https://registry.npmjs.org/react-transition-group/-/react-transition-group-4.4.2.tgz",
      "integrity": "sha512-/RNYfRAMlZwDSr6z4zNKV6xu53/e2BuaBbGhbyYIXTrmgu/bGHzmqOs7mJSJBHy9Ud+ApHx3QjrkKSp1pxvlFg==",
      "requires": {
        "@babel/runtime": "^7.5.5",
        "dom-helpers": "^5.0.1",
        "loose-envify": "^1.4.0",
        "prop-types": "^15.6.2"
      }
    },
    "regenerator-runtime": {
      "version": "0.13.9",
      "resolved": "https://registry.npmjs.org/regenerator-runtime/-/regenerator-runtime-0.13.9.tgz",
      "integrity": "sha512-p3VT+cOEgxFsRRA9X4lkI1E+k2/CtnKtU4gcxyaCUreilL/vqI6CdZ3wxVUx3UOUg+gnUOQQcRI7BmSI656MYA=="
    },
    "rifm": {
      "version": "0.12.1",
      "resolved": "https://registry.npmjs.org/rifm/-/rifm-0.12.1.tgz",
      "integrity": "sha512-OGA1Bitg/dSJtI/c4dh90svzaUPt228kzFsUkJbtA2c964IqEAwWXeL9ZJi86xWv3j5SMqRvGULl7bA6cK0Bvg==",
      "requires": {}
    },
    "scheduler": {
      "version": "0.20.2",
      "resolved": "https://registry.npmjs.org/scheduler/-/scheduler-0.20.2.tgz",
      "integrity": "sha512-2eWfGgAqqWFGqtdMmcL5zCMK1U8KlXv8SQFGglL3CEtd0aDVDWgeF/YoCmvln55m5zSk3J/20hTaSBeSObsQDQ==",
      "peer": true,
      "requires": {
        "loose-envify": "^1.1.0",
        "object-assign": "^4.1.1"
      }
    },
    "stylis": {
      "version": "4.0.10",
      "resolved": "https://registry.npmjs.org/stylis/-/stylis-4.0.10.tgz",
      "integrity": "sha512-m3k+dk7QeJw660eIKRRn3xPF6uuvHs/FFzjX3HQ5ove0qYsiygoAhwn5a3IYKaZPo5LrYD0rfVmtv1gNY1uYwg=="
    }
  }
}
